{
	"name": "create-schnack",
	"version": "0.1.0",
	"lockfileVersion": 1,
	"requires": true,
	"dependencies": {
		"find-up": {
			"version": "3.0.0",
			"resolved": "https://registry.npmjs.org/find-up/-/find-up-3.0.0.tgz",
			"integrity": "sha512-1yD6RmLI1XBfxugvORwlck6f75tYL+iR0jqwsOrOxMZyGYqUuDhJ0l4AXdO1iX/FTs9cBAMEk1gWSEx1kSbylg==",
			"requires": {
				"locate-path": "^3.0.0"
			}
		},
		"locate-path": {
			"version": "3.0.0",
			"resolved": "https://registry.npmjs.org/locate-path/-/locate-path-3.0.0.tgz",
			"integrity": "sha512-7AO748wWnIhNqAuaty2ZWHkQHRSNfPVIsPIfwEOWO22AmaoVrWavlOcMR5nzTLNYvp36X220/maaRsrec1G65A==",
			"requires": {
				"p-locate": "^3.0.0",
				"path-exists": "^3.0.0"
			}
		},
		"p-limit": {
			"version": "2.2.0",
			"resolved": "https://registry.npmjs.org/p-limit/-/p-limit-2.2.0.tgz",
			"integrity": "sha512-pZbTJpoUsCzV48Mc9Nh51VbwO0X9cuPFE8gYwx9BTCt9SF8/b7Zljd2fVgOxhIF/HDTKgpVzs+GPhyKfjLLFRQ==",
			"requires": {
				"p-try": "^2.0.0"
			}
		},
		"p-locate": {
			"version": "3.0.0",
			"resolved": "https://registry.npmjs.org/p-locate/-/p-locate-3.0.0.tgz",
			"integrity": "sha512-x+12w/To+4GFfgJhBEpiDcLozRJGegY+Ei7/z0tSLkMmxGZNybVMSfWj9aJn8Z5Fc7dBUNJOOVgPv2H7IwulSQ==",
			"requires": {
				"p-limit": "^2.0.0"
			}
		},
		"p-try": {
			"version": "2.0.0",
			"resolved": "https://registry.npmjs.org/p-try/-/p-try-2.0.0.tgz",
			"integrity": "sha512-hMp0onDKIajHfIkdRk3P4CdCmErkYAxxDtP3Wx/4nZ3aGlau2VKh3mZpcuFkH27WQkL/3WBCPOktzA9ZOAnMQQ=="
		},
		"path-exists": {
			"version": "3.0.0",
			"resolved": "https://registry.npmjs.org/path-exists/-/path-exists-3.0.0.tgz",
			"integrity": "sha1-zg6+ql94yxiSXqfYENe1mwEP1RU="
		}
	}
}
